
Microsoft Visual Studio Solution File, Format Version 12.00
# Visual Studio Version 17
VisualStudioVersion = 17.0.31912.275
MinimumVisualStudioVersion = 10.0.40219.1
Project("{FAE04EC0-301F-11D3-BF4B-00C04F79EFBC}") = "test", "test\test.csproj", "{A9526F7B-4579-4424-A4BD-5A8414812A87}"
EndProject
Global
	GlobalSection(SolutionConfigurationPlatforms) = preSolution
		Debug|Any CPU = Debug|Any CPU
		Release|Any CPU = Release|Any CPU
	EndGlobalSection
	GlobalSection(ProjectConfigurationPlatforms) = postSolution
		{A9526F7B-4579-4424-A4BD-5A8414812A87}.Debug|Any CPU.ActiveCfg = Debug|Any CPU
		{A9526F7B-4579-4424-A4BD-5A8414812A87}.Debug|Any CPU.Build.0 = Debug|Any CPU
		{A9526F7B-4579-4424-A4BD-5A8414812A87}.Release|Any CPU.ActiveCfg = Release|Any CPU
		{A9526F7B-4579-4424-A4BD-5A8414812A87}.Release|Any CPU.Build.0 = Release|Any CPU
	EndGlobalSection
	GlobalSection(SolutionProperties) = preSolution
		HideSolutionNode = FALSE
	EndGlobalSection
	GlobalSection(ExtensibilityGlobals) = postSolution
		SolutionGuid = {7454D85C-66A8-4B16-A232-B827DD2F9102}
	EndGlobalSection
EndGlobal
