
Microsoft Visual Studio Solution File, Format Version 12.00
# Visual Studio Version 17
VisualStudioVersion = 17.0.31912.275
MinimumVisualStudioVersion = 10.0.40219.1
Project("{FAE04EC0-301F-11D3-BF4B-00C04F79EFBC}") = "wallet", "wallet\wallet.csproj", "{8382366B-91A3-4917-BC1C-BC680F123764}"
EndProject
Global
	GlobalSection(SolutionConfigurationPlatforms) = preSolution
		Debug|Any CPU = Debug|Any CPU
		Release|Any CPU = Release|Any CPU
	EndGlobalSection
	GlobalSection(ProjectConfigurationPlatforms) = postSolution
		{8382366B-91A3-4917-BC1C-BC680F123764}.Debug|Any CPU.ActiveCfg = Debug|Any CPU
		{8382366B-91A3-4917-BC1C-BC680F123764}.Debug|Any CPU.Build.0 = Debug|Any CPU
		{8382366B-91A3-4917-BC1C-BC680F123764}.Release|Any CPU.ActiveCfg = Release|Any CPU
		{8382366B-91A3-4917-BC1C-BC680F123764}.Release|Any CPU.Build.0 = Release|Any CPU
	EndGlobalSection
	GlobalSection(SolutionProperties) = preSolution
		HideSolutionNode = FALSE
	EndGlobalSection
	GlobalSection(ExtensibilityGlobals) = postSolution
		SolutionGuid = {226B8BC9-4D42-40ED-B275-32B3EAF71EBF}
	EndGlobalSection
EndGlobal
