
Microsoft Visual Studio Solution File, Format Version 12.00
# Visual Studio Version 17
VisualStudioVersion = 17.0.31912.275
MinimumVisualStudioVersion = 10.0.40219.1
Project("{9A19103F-16F7-4668-BE54-9A1E7A4F7556}") = "Shared", "..\shared\shared.csproj", "{6FA42043-76D3-413F-B2EA-DA2C3006DFBC}"
EndProject
Project("{FAE04EC0-301F-11D3-BF4B-00C04F79EFBC}") = "opencloser", "opencloser\opencloser.csproj", "{095299D5-8405-474A-8626-CB3B85E853CA}"
EndProject
Global
	GlobalSection(SolutionConfigurationPlatforms) = preSolution
		Debug|Any CPU = Debug|Any CPU
		Release|Any CPU = Release|Any CPU
	EndGlobalSection
	GlobalSection(ProjectConfigurationPlatforms) = postSolution
		{095299D5-8405-474A-8626-CB3B85E853CA}.Debug|Any CPU.ActiveCfg = Debug|Any CPU
		{095299D5-8405-474A-8626-CB3B85E853CA}.Debug|Any CPU.Build.0 = Debug|Any CPU
		{095299D5-8405-474A-8626-CB3B85E853CA}.Release|Any CPU.ActiveCfg = Release|Any CPU
		{095299D5-8405-474A-8626-CB3B85E853CA}.Release|Any CPU.Build.0 = Release|Any CPU
	EndGlobalSection
	GlobalSection(SolutionProperties) = preSolution
		HideSolutionNode = FALSE
	EndGlobalSection
	GlobalSection(ExtensibilityGlobals) = postSolution
		SolutionGuid = {00B2A1AE-4A1E-4C0C-B537-B1A606F08AEE}
	EndGlobalSection
EndGlobal
